
Microsoft Visual Studio Solution File, Format Version 12.00
# Visual Studio Version 17
VisualStudioVersion = 17.3.32901.215
MinimumVisualStudioVersion = 10.0.40219.1
Project("{FAE04EC0-301F-11D3-BF4B-00C04F79EFBC}") = "Workshop Forum App (CRUD Operations)", "Workshop Forum App (CRUD Operations)\Workshop Forum App (CRUD Operations).csproj", "{BA441827-DC8E-40F1-939F-7C906E8261CB}"
EndProject
Global
	GlobalSection(SolutionConfigurationPlatforms) = preSolution
		Debug|Any CPU = Debug|Any CPU
		Release|Any CPU = Release|Any CPU
	EndGlobalSection
	GlobalSection(ProjectConfigurationPlatforms) = postSolution
		{BA441827-DC8E-40F1-939F-7C906E8261CB}.Debug|Any CPU.ActiveCfg = Debug|Any CPU
		{BA441827-DC8E-40F1-939F-7C906E8261CB}.Debug|Any CPU.Build.0 = Debug|Any CPU
		{BA441827-DC8E-40F1-939F-7C906E8261CB}.Release|Any CPU.ActiveCfg = Release|Any CPU
		{BA441827-DC8E-40F1-939F-7C906E8261CB}.Release|Any CPU.Build.0 = Release|Any CPU
	EndGlobalSection
	GlobalSection(SolutionProperties) = preSolution
		HideSolutionNode = FALSE
	EndGlobalSection
	GlobalSection(ExtensibilityGlobals) = postSolution
		SolutionGuid = {ECECDED9-5C0E-44FC-B84D-248D2E7A2460}
	EndGlobalSection
EndGlobal
